{
  "name": "impatient-js-examples",
  "version": "1.0.0",
  "lockfileVersion": 1,
  "requires": true,
  "dependencies": {
    "assert-strict": {
      "version": "0.0.2",
      "resolved": "https://registry.npmjs.org/assert-strict/-/assert-strict-0.0.2.tgz",
      "integrity": "sha512-UwTYyjLQI9vb19KTN3/DABDnfyWepUOA/3IWrNfAt4sToZVE1lZxatWitHljEKEDpQ+q6MllWQMcOHW+Op6cWQ==",
      "dev": true
    }
  }
}
